
Microsoft Visual Studio Solution File, Format Version 12.00
# Visual Studio Version 17
VisualStudioVersion = 17.9.34714.143
MinimumVisualStudioVersion = 10.0.40219.1
Project("{FAE04EC0-301F-11D3-BF4B-00C04F79EFBC}") = "MyFirstDotNetApp", "MyFirstDotNetApp\MyFirstDotNetApp.csproj", "{7B4E78F0-CD22-4693-A433-1F5184470571}"
EndProject
Global
	GlobalSection(SolutionConfigurationPlatforms) = preSolution
		Debug|Any CPU = Debug|Any CPU
		Release|Any CPU = Release|Any CPU
	EndGlobalSection
	GlobalSection(ProjectConfigurationPlatforms) = postSolution
		{7B4E78F0-CD22-4693-A433-1F5184470571}.Debug|Any CPU.ActiveCfg = Debug|Any CPU
		{7B4E78F0-CD22-4693-A433-1F5184470571}.Debug|Any CPU.Build.0 = Debug|Any CPU
		{7B4E78F0-CD22-4693-A433-1F5184470571}.Release|Any CPU.ActiveCfg = Release|Any CPU
		{7B4E78F0-CD22-4693-A433-1F5184470571}.Release|Any CPU.Build.0 = Release|Any CPU
	EndGlobalSection
	GlobalSection(SolutionProperties) = preSolution
		HideSolutionNode = FALSE
	EndGlobalSection
	GlobalSection(ExtensibilityGlobals) = postSolution
		SolutionGuid = {1B8ADC5E-F742-4D83-B4C1-EA17240AFFC5}
	EndGlobalSection
EndGlobal
